// !$*UTF8*$!
{
	archiveVersion = 1;
	classes = {
	};
	objectVersion = 48;
	objects = {

/* Begin PBXBuildFile section */
		D0B49FDD1FA27463001FA7A1 /* AppDelegate.swift in Sources */ = {isa = PBXBuildFile; fileRef = D0B49FDC1FA27463001FA7A1 /* AppDelegate.swift */; };
		D0B49FDF1FA27463001FA7A1 /* ViewController.swift in Sources */ = {isa = PBXBuildFile; fileRef = D0B49FDE1FA27463001FA7A1 /* ViewController.swift */; };
		D0B49FE21FA27463001FA7A1 /* Main.storyboard in Resources */ = {isa = PBXBuildFile; fileRef = D0B49FE01FA27463001FA7A1 /* Main.storyboard */; };
		D0B49FE41FA27463001FA7A1 /* Assets.xcassets in Resources */ = {isa = PBXBuildFile; fileRef = D0B49FE31FA27463001FA7A1 /* Assets.xcassets */; };
		D0B49FE71FA27463001FA7A1 /* LaunchScreen.storyboard in Resources */ = {isa = PBXBuildFile; fileRef = D0B49FE51FA27463001FA7A1 /* LaunchScreen.storyboard */; };
		D0B49FF21FA27463001FA7A1 /* testTests.swift in Sources */ = {isa = PBXBuildFile; fileRef = D0B49FF11FA27463001FA7A1 /* testTests.swift */; };
		D0B49FFD1FA27463001FA7A1 /* testUITests.swift in Sources */ = {isa = PBXBuildFile; fileRef = D0B49FFC1FA27463001FA7A1 /* testUITests.swift */; };
/* End PBXBuildFile section */

/* Begin PBXContainerItemProxy section */
		D0B49FEE1FA27463001FA7A1 /* PBXContainerItemProxy */ = {
			isa = PBXContainerItemProxy;
			containerPortal = D0B49FD11FA27463001FA7A1 /* Project object */;
			proxyType = 1;
			remoteGlobalIDString = D0B49FD81FA27463001FA7A1;
			remoteInfo = test;
		};
		D0B49FF91FA27463001FA7A1 /* PBXContainerItemProxy */ = {
			isa = PBXContainerItemProxy;
			containerPortal = D0B49FD11FA27463001FA7A1 /* Project object */;
			proxyType = 1;
			remoteGlobalIDString = D0B49FD81FA27463001FA7A1;
			remoteInfo = test;
		};
/* End PBXContainerItemProxy section */

/* Begin PBXFileReference section */
		D0B49FD91FA27463001FA7A1 /* test.app */ = {isa = PBXFileReference; explicitFileType = wrapper.application; includeInIndex = 0; path = test.app; sourceTree = BUILT_PRODUCTS_DIR; };
		D0B49FDC1FA27463001FA7A1 /* AppDelegate.swift */ = {isa = PBXFileReference; lastKnownFileType = sourcecode.swift; path = AppDelegate.swift; sourceTree = "<group>"; };
		D0B49FDE1FA27463001FA7A1 /* ViewController.swift */ = {isa = PBXFileReference; lastKnownFileType = sourcecode.swift; path = ViewController.swift; sourceTree = "<group>"; };
		D0B49FE11FA27463001FA7A1 /* Base */ = {isa = PBXFileReference; lastKnownFileType = file.storyboard; name = Base; path = Base.lproj/Main.storyboard; sourceTree = "<group>"; };
		D0B49FE31FA27463001FA7A1 /* Assets.xcassets */ = {isa = PBXFileReference; lastKnownFileType = folder.assetcatalog; path = Assets.xcassets; sourceTree = "<group>"; };
		D0B49FE61FA27463001FA7A1 /* Base */ = {isa = PBXFileReference; lastKnownFileType = file.storyboard; name = Base; path = Base.lproj/LaunchScreen.storyboard; sourceTree = "<group>"; };
		D0B49FE81FA27463001FA7A1 /* Info.plist */ = {isa = PBXFileReference; lastKnownFileType = text.plist.xml; path = Info.plist; sourceTree = "<group>"; };
		D0B49FED1FA27463001FA7A1 /* testTests.xctest */ = {isa = PBXFileReference; explicitFileType = wrapper.cfbundle; includeInIndex = 0; path = testTests.xctest; sourceTree = BUILT_PRODUCTS_DIR; };
		D0B49FF11FA27463001FA7A1 /* testTests.swift */ = {isa = PBXFileReference; lastKnownFileType = sourcecode.swift; path = testTests.swift; sourceTree = "<group>"; };
		D0B49FF31FA27463001FA7A1 /* Info.plist */ = {isa = PBXFileReference; lastKnownFileType = text.plist.xml; path = Info.plist; sourceTree = "<group>"; };
		D0B49FF81FA27463001FA7A1 /* testUITests.xctest */ = {isa = PBXFileReference; explicitFileType = wrapper.cfbundle; includeInIndex = 0; path = testUITests.xctest; sourceTree = BUILT_PRODUCTS_DIR; };
		D0B49FFC1FA27463001FA7A1 /* testUITests.swift */ = {isa = PBXFileReference; lastKnownFileType = sourcecode.swift; path = testUITests.swift; sourceTree = "<group>"; };
		D0B49FFE1FA27463001FA7A1 /* Info.plist */ = {isa = PBXFileReference; lastKnownFileType = text.plist.xml; path = Info.plist; sourceTree = "<group>"; };
/* End PBXFileReference section */

/* Begin PBXFrameworksBuildPhase section */
		D0B49FD61FA27463001FA7A1 /* Frameworks */ = {
			isa = PBXFrameworksBuildPhase;
			buildActionMask = 2147483647;
			files = (
			);
			runOnlyForDeploymentPostprocessing = 0;
		};
		D0B49FEA1FA27463001FA7A1 /* Frameworks */ = {
			isa = PBXFrameworksBuildPhase;
			buildActionMask = 2147483647;
			files = (
			);
			runOnlyForDeploymentPostprocessing = 0;
		};
		D0B49FF51FA27463001FA7A1 /* Frameworks */ = {
			isa = PBXFrameworksBuildPhase;
			buildActionMask = 2147483647;
			files = (
			);
			runOnlyForDeploymentPostprocessing = 0;
		};
/* End PBXFrameworksBuildPhase section */

/* Begin PBXGroup section */
		D0B49FD01FA27463001FA7A1 = {
			isa = PBXGroup;
			children = (
				D0B49FDB1FA27463001FA7A1 /* test */,
				D0B49FF01FA27463001FA7A1 /* testTests */,
				D0B49FFB1FA27463001FA7A1 /* testUITests */,
				D0B49FDA1FA27463001FA7A1 /* Products */,
			);
			sourceTree = "<group>";
		};
		D0B49FDA1FA27463001FA7A1 /* Products */ = {
			isa = PBXGroup;
			children = (
				D0B49FD91FA27463001FA7A1 /* test.app */,
				D0B49FED1FA27463001FA7A1 /* testTests.xctest */,
				D0B49FF81FA27463001FA7A1 /* testUITests.xctest */,
			);
			name = Products;
			sourceTree = "<group>";
		};
		D0B49FDB1FA27463001FA7A1 /* test */ = {
			isa = PBXGroup;
			children = (
				D0B49FDC1FA27463001FA7A1 /* AppDelegate.swift */,
				D0B49FDE1FA27463001FA7A1 /* ViewController.swift */,
				D0B49FE01FA27463001FA7A1 /* Main.storyboard */,
				D0B49FE31FA27463001FA7A1 /* Assets.xcassets */,
				D0B49FE51FA27463001FA7A1 /* LaunchScreen.storyboard */,
				D0B49FE81FA27463001FA7A1 /* Info.plist */,
			);
			path = test;
			sourceTree = "<group>";
		};
		D0B49FF01FA27463001FA7A1 /* testTests */ = {
			isa = PBXGroup;
			children = (
				D0B49FF11FA27463001FA7A1 /* testTests.swift */,
				D0B49FF31FA27463001FA7A1 /* Info.plist */,
			);
			path = testTests;
			sourceTree = "<group>";
		};
		D0B49FFB1FA27463001FA7A1 /* testUITests */ = {
			isa = PBXGroup;
			children = (
				D0B49FFC1FA27463001FA7A1 /* testUITests.swift */,
				D0B49FFE1FA27463001FA7A1 /* Info.plist */,
			);
			path = testUITests;
			sourceTree = "<group>";
		};
/* End PBXGroup section */

/* Begin PBXNativeTarget section */
		D0B49FD81FA27463001FA7A1 /* test */ = {
			isa = PBXNativeTarget;
			buildConfigurationList = D0B4A0011FA27463001FA7A1 /* Build configuration list for PBXNativeTarget "test" */;
			buildPhases = (
				D0B49FD51FA27463001FA7A1 /* Sources */,
				D0B49FD61FA27463001FA7A1 /* Frameworks */,
				D0B49FD71FA27463001FA7A1 /* Resources */,
			);
			buildRules = (
			);
			dependencies = (
			);
			name = test;
			productName = test;
			productReference = D0B49FD91FA27463001FA7A1 /* test.app */;
			productType = "com.apple.product-type.application";
		};
		D0B49FEC1FA27463001FA7A1 /* testTests */ = {
			isa = PBXNativeTarget;
			buildConfigurationList = D0B4A0041FA27463001FA7A1 /* Build configuration list for PBXNativeTarget "testTests" */;
			buildPhases = (
				D0B49FE91FA27463001FA7A1 /* Sources */,
				D0B49FEA1FA27463001FA7A1 /* Frameworks */,
				D0B49FEB1FA27463001FA7A1 /* Resources */,
			);
			buildRules = (
			);
			dependencies = (
				D0B49FEF1FA27463001FA7A1 /* PBXTargetDependency */,
			);
			name = testTests;
			productName = testTests;
			productReference = D0B49FED1FA27463001FA7A1 /* testTests.xctest */;
			productType = "com.apple.product-type.bundle.unit-test";
		};
		D0B49FF71FA27463001FA7A1 /* testUITests */ = {
			isa = PBXNativeTarget;
			buildConfigurationList = D0B4A0071FA27463001FA7A1 /* Build configuration list for PBXNativeTarget "testUITests" */;
			buildPhases = (
				D0B49FF41FA27463001FA7A1 /* Sources */,
				D0B49FF51FA27463001FA7A1 /* Frameworks */,
				D0B49FF61FA27463001FA7A1 /* Resources */,
			);
			buildRules = (
			);
			dependencies = (
				D0B49FFA1FA27463001FA7A1 /* PBXTargetDependency */,
			);
			name = testUITests;
			productName = testUITests;
			productReference = D0B49FF81FA27463001FA7A1 /* testUITests.xctest */;
			productType = "com.apple.product-type.bundle.ui-testing";
		};
/* End PBXNativeTarget section */

/* Begin PBXProject section */
		D0B49FD11FA27463001FA7A1 /* Project object */ = {
			isa = PBXProject;
			attributes = {
				LastSwiftUpdateCheck = 0900;
				LastUpgradeCheck = 0900;
				ORGANIZATIONNAME = maxadorable;
				TargetAttributes = {
					D0B49FD81FA27463001FA7A1 = {
						CreatedOnToolsVersion = 9.0.1;
						ProvisioningStyle = Automatic;
					};
					D0B49FEC1FA27463001FA7A1 = {
						CreatedOnToolsVersion = 9.0.1;
						ProvisioningStyle = Automatic;
						TestTargetID = D0B49FD81FA27463001FA7A1;
					};
					D0B49FF71FA27463001FA7A1 = {
						CreatedOnToolsVersion = 9.0.1;
						ProvisioningStyle = Automatic;
						TestTargetID = D0B49FD81FA27463001FA7A1;
					};
				};
			};
			buildConfigurationList = D0B49FD41FA27463001FA7A1 /* Build configuration list for PBXProject "test" */;
			compatibilityVersion = "Xcode 8.0";
			developmentRegion = en;
			hasScannedForEncodings = 0;
			knownRegions = (
				en,
				Base,
			);
			mainGroup = D0B49FD01FA27463001FA7A1;
			productRefGroup = D0B49FDA1FA27463001FA7A1 /* Products */;
			projectDirPath = "";
			projectRoot = "";
			targets = (
				D0B49FD81FA27463001FA7A1 /* test */,
				D0B49FEC1FA27463001FA7A1 /* testTests */,
				D0B49FF71FA27463001FA7A1 /* testUITests */,
			);
		};
/* End PBXProject section */

/* Begin PBXResourcesBuildPhase section */
		D0B49FD71FA27463001FA7A1 /* Resources */ = {
			isa = PBXResourcesBuildPhase;
			buildActionMask = 2147483647;
			files = (
				D0B49FE71FA27463001FA7A1 /* LaunchScreen.storyboard in Resources */,
				D0B49FE41FA27463001FA7A1 /* Assets.xcassets in Resources */,
				D0B49FE21FA27463001FA7A1 /* Main.storyboard in Resources */,
			);
			runOnlyForDeploymentPostprocessing = 0;
		};
		D0B49FEB1FA27463001FA7A1 /* Resources */ = {
			isa = PBXResourcesBuildPhase;
			buildActionMask = 2147483647;
			files = (
			);
			runOnlyForDeploymentPostprocessing = 0;
		};
		D0B49FF61FA27463001FA7A1 /* Resources */ = {
			isa = PBXResourcesBuildPhase;
			buildActionMask = 2147483647;
			files = (
			);
			runOnlyForDeploymentPostprocessing = 0;
		};
/* End PBXResourcesBuildPhase section */

/* Begin PBXSourcesBuildPhase section */
		D0B49FD51FA27463001FA7A1 /* Sources */ = {
			isa = PBXSourcesBuildPhase;
			buildActionMask = 2147483647;
			files = (
				D0B49FDF1FA27463001FA7A1 /* ViewController.swift in Sources */,
				D0B49FDD1FA27463001FA7A1 /* AppDelegate.swift in Sources */,
			);
			runOnlyForDeploymentPostprocessing = 0;
		};
		D0B49FE91FA27463001FA7A1 /* Sources */ = {
			isa = PBXSourcesBuildPhase;
			buildActionMask = 2147483647;
			files = (
				D0B49FF21FA27463001FA7A1 /* testTests.swift in Sources */,
			);
			runOnlyForDeploymentPostprocessing = 0;
		};
		D0B49FF41FA27463001FA7A1 /* Sources */ = {
			isa = PBXSourcesBuildPhase;
			buildActionMask = 2147483647;
			files = (
				D0B49FFD1FA27463001FA7A1 /* testUITests.swift in Sources */,
			);
			runOnlyForDeploymentPostprocessing = 0;
		};
/* End PBXSourcesBuildPhase section */

/* Begin PBXTargetDependency section */
		D0B49FEF1FA27463001FA7A1 /* PBXTargetDependency */ = {
			isa = PBXTargetDependency;
			target = D0B49FD81FA27463001FA7A1 /* test */;
			targetProxy = D0B49FEE1FA27463001FA7A1 /* PBXContainerItemProxy */;
		};
		D0B49FFA1FA27463001FA7A1 /* PBXTargetDependency */ = {
			isa = PBXTargetDependency;
			target = D0B49FD81FA27463001FA7A1 /* test */;
			targetProxy = D0B49FF91FA27463001FA7A1 /* PBXContainerItemProxy */;
		};
/* End PBXTargetDependency section */

/* Begin PBXVariantGroup section */
		D0B49FE01FA27463001FA7A1 /* Main.storyboard */ = {
			isa = PBXVariantGroup;
			children = (
				D0B49FE11FA27463001FA7A1 /* Base */,
			);
			name = Main.storyboard;
			sourceTree = "<group>";
		};
		D0B49FE51FA27463001FA7A1 /* LaunchScreen.storyboard */ = {
			isa = PBXVariantGroup;
			children = (
				D0B49FE61FA27463001FA7A1 /* Base */,
			);
			name = LaunchScreen.storyboard;
			sourceTree = "<group>";
		};
/* End PBXVariantGroup section */

/* Begin XCBuildConfiguration section */
		D0B49FFF1FA27463001FA7A1 /* Debug */ = {
			isa = XCBuildConfiguration;
			buildSettings = {
				ALWAYS_SEARCH_USER_PATHS = NO;
				CLANG_ANALYZER_NONNULL = YES;
				CLANG_ANALYZER_NUMBER_OBJECT_CONVERSION = YES_AGGRESSIVE;
				CLANG_CXX_LANGUAGE_STANDARD = "gnu++14";
				CLANG_CXX_LIBRARY = "libc++";
				CLANG_ENABLE_MODULES = YES;
				CLANG_ENABLE_OBJC_ARC = YES;
				CLANG_WARN_BLOCK_CAPTURE_AUTORELEASING = YES;
				CLANG_WARN_BOOL_CONVERSION = YES;
				CLANG_WARN_COMMA = YES;
				CLANG_WARN_CONSTANT_CONVERSION = YES;
				CLANG_WARN_DIRECT_OBJC_ISA_USAGE = YES_ERROR;
				CLANG_WARN_DOCUMENTATION_COMMENTS = YES;
				CLANG_WARN_EMPTY_BODY = YES;
				CLANG_WARN_ENUM_CONVERSION = YES;
				CLANG_WARN_INFINITE_RECURSION = YES;
				CLANG_WARN_INT_CONVERSION = YES;
				CLANG_WARN_NON_LITERAL_NULL_CONVERSION = YES;
				CLANG_WARN_OBJC_LITERAL_CONVERSION = YES;
				CLANG_WARN_OBJC_ROOT_CLASS = YES_ERROR;
				CLANG_WARN_RANGE_LOOP_ANALYSIS = YES;
				CLANG_WARN_STRICT_PROTOTYPES = YES;
				CLANG_WARN_SUSPICIOUS_MOVE = YES;
				CLANG_WARN_UNGUARDED_AVAILABILITY = YES_AGGRESSIVE;
				CLANG_WARN_UNREACHABLE_CODE = YES;
				CLANG_WARN__DUPLICATE_METHOD_MATCH = YES;
				CODE_SIGN_IDENTITY = "iPhone Developer";
				COPY_PHASE_STRIP = NO;
				DEBUG_INFORMATION_FORMAT = dwarf;
				ENABLE_STRICT_OBJC_MSGSEND = YES;
				ENABLE_TESTABILITY = YES;
				GCC_C_LANGUAGE_STANDARD = gnu11;
				GCC_DYNAMIC_NO_PIC = NO;
				GCC_NO_COMMON_BLOCKS = YES;
				GCC_OPTIMIZATION_LEVEL = 0;
				GCC_PREPROCESSOR_DEFINITIONS = (
					"DEBUG=1",
					"$(inherited)",
				);
				GCC_WARN_64_TO_32_BIT_CONVERSION = YES;
				GCC_WARN_ABOUT_RETURN_TYPE = YES_ERROR;
				GCC_WARN_UNDECLARED_SELECTOR = YES;
				GCC_WARN_UNINITIALIZED_AUTOS = YES_AGGRESSIVE;
				GCC_WARN_UNUSED_FUNCTION = YES;
				GCC_WARN_UNUSED_VARIABLE = YES;
				IPHONEOS_DEPLOYMENT_TARGET = 11.0;
				MTL_ENABLE_DEBUG_INFO = YES;
				ONLY_ACTIVE_ARCH = YES;
				SDKROOT = iphoneos;
				SWIFT_ACTIVE_COMPILATION_CONDITIONS = DEBUG;
				SWIFT_OPTIMIZATION_LEVEL = "-Onone";
			};
			name = Debug;
		};
		D0B4A0001FA27463001FA7A1 /* Release */ = {
			isa = XCBuildConfiguration;
			buildSettings = {
				ALWAYS_SEARCH_USER_PATHS = NO;
				CLANG_ANALYZER_NONNULL = YES;
				CLANG_ANALYZER_NUMBER_OBJECT_CONVERSION = YES_AGGRESSIVE;
				CLANG_CXX_LANGUAGE_STANDARD = "gnu++14";
				CLANG_CXX_LIBRARY = "libc++";
				CLANG_ENABLE_MODULES = YES;
				CLANG_ENABLE_OBJC_ARC = YES;
				CLANG_WARN_BLOCK_CAPTURE_AUTORELEASING = YES;
				CLANG_WARN_BOOL_CONVERSION = YES;
				CLANG_WARN_COMMA = YES;
				CLANG_WARN_CONSTANT_CONVERSION = YES;
				CLANG_WARN_DIRECT_OBJC_ISA_USAGE = YES_ERROR;
				CLANG_WARN_DOCUMENTATION_COMMENTS = YES;
				CLANG_WARN_EMPTY_BODY = YES;
				CLANG_WARN_ENUM_CONVERSION = YES;
				CLANG_WARN_INFINITE_RECURSION = YES;
				CLANG_WARN_INT_CONVERSION = YES;
				CLANG_WARN_NON_LITERAL_NULL_CONVERSION = YES;
				CLANG_WARN_OBJC_LITERAL_CONVERSION = YES;
				CLANG_WARN_OBJC_ROOT_CLASS = YES_ERROR;
				CLANG_WARN_RANGE_LOOP_ANALYSIS = YES;
				CLANG_WARN_STRICT_PROTOTYPES = YES;
				CLANG_WARN_SUSPICIOUS_MOVE = YES;
				CLANG_WARN_UNGUARDED_AVAILABILITY = YES_AGGRESSIVE;
				CLANG_WARN_UNREACHABLE_CODE = YES;
				CLANG_WARN__DUPLICATE_METHOD_MATCH = YES;
				CODE_SIGN_IDENTITY = "iPhone Developer";
				COPY_PHASE_STRIP = NO;
				DEBUG_INFORMATION_FORMAT = "dwarf-with-dsym";
				ENABLE_NS_ASSERTIONS = NO;
				ENABLE_STRICT_OBJC_MSGSEND = YES;
				GCC_C_LANGUAGE_STANDARD = gnu11;
				GCC_NO_COMMON_BLOCKS = YES;
				GCC_WARN_64_TO_32_BIT_CONVERSION = YES;
				GCC_WARN_ABOUT_RETURN_TYPE = YES_ERROR;
				GCC_WARN_UNDECLARED_SELECTOR = YES;
				GCC_WARN_UNINITIALIZED_AUTOS = YES_AGGRESSIVE;
				GCC_WARN_UNUSED_FUNCTION = YES;
				GCC_WARN_UNUSED_VARIABLE = YES;
				IPHONEOS_DEPLOYMENT_TARGET = 11.0;
				MTL_ENABLE_DEBUG_INFO = NO;
				SDKROOT = iphoneos;
				SWIFT_OPTIMIZATION_LEVEL = "-Owholemodule";
				VALIDATE_PRODUCT = YES;
			};
			name = Release;
		};
		D0B4A0021FA27463001FA7A1 /* Debug */ = {
			isa = XCBuildConfiguration;
			buildSettings = {
				ASSETCATALOG_COMPILER_APPICON_NAME = AppIcon;
				CODE_SIGN_STYLE = Automatic;
				INFOPLIST_FILE = test/Info.plist;
				LD_RUNPATH_SEARCH_PATHS = "$(inherited) @executable_path/Frameworks";
				PRODUCT_BUNDLE_IDENTIFIER = auriga.test;
				PRODUCT_NAME = "$(TARGET_NAME)";
				SWIFT_VERSION = 4.0;
				TARGETED_DEVICE_FAMILY = "1,2";
			};
			name = Debug;
		};
		D0B4A0031FA27463001FA7A1 /* Release */ = {
			isa = XCBuildConfiguration;
			buildSettings = {
				ASSETCATALOG_COMPILER_APPICON_NAME = AppIcon;
				CODE_SIGN_STYLE = Automatic;
				INFOPLIST_FILE = test/Info.plist;
				LD_RUNPATH_SEARCH_PATHS = "$(inherited) @executable_path/Frameworks";
				PRODUCT_BUNDLE_IDENTIFIER = auriga.test;
				PRODUCT_NAME = "$(TARGET_NAME)";
				SWIFT_VERSION = 4.0;
				TARGETED_DEVICE_FAMILY = "1,2";
			};
			name = Release;
		};
		D0B4A0051FA27463001FA7A1 /* Debug */ = {
			isa = XCBuildConfiguration;
			buildSettings = {
				ALWAYS_EMBED_SWIFT_STANDARD_LIBRARIES = YES;
				BUNDLE_LOADER = "$(TEST_HOST)";
				CODE_SIGN_STYLE = Automatic;
				INFOPLIST_FILE = testTests/Info.plist;
				LD_RUNPATH_SEARCH_PATHS = "$(inherited) @executable_path/Frameworks @loader_path/Frameworks";
				PRODUCT_BUNDLE_IDENTIFIER = auriga.testTests;
				PRODUCT_NAME = "$(TARGET_NAME)";
				SWIFT_VERSION = 4.0;
				TARGETED_DEVICE_FAMILY = "1,2";
				TEST_HOST = "$(BUILT_PRODUCTS_DIR)/test.app/test";
			};
			name = Debug;
		};
		D0B4A0061FA27463001FA7A1 /* Release */ = {
			isa = XCBuildConfiguration;
			buildSettings = {
				ALWAYS_EMBED_SWIFT_STANDARD_LIBRARIES = YES;
				BUNDLE_LOADER = "$(TEST_HOST)";
				CODE_SIGN_STYLE = Automatic;
				INFOPLIST_FILE = testTests/Info.plist;
				LD_RUNPATH_SEARCH_PATHS = "$(inherited) @executable_path/Frameworks @loader_path/Frameworks";
				PRODUCT_BUNDLE_IDENTIFIER = auriga.testTests;
				PRODUCT_NAME = "$(TARGET_NAME)";
				SWIFT_VERSION = 4.0;
				TARGETED_DEVICE_FAMILY = "1,2";
				TEST_HOST = "$(BUILT_PRODUCTS_DIR)/test.app/test";
			};
			name = Release;
		};
		D0B4A0081FA27463001FA7A1 /* Debug */ = {
			isa = XCBuildConfiguration;
			buildSettings = {
				ALWAYS_EMBED_SWIFT_STANDARD_LIBRARIES = YES;
				CODE_SIGN_STYLE = Automatic;
				INFOPLIST_FILE = testUITests/Info.plist;
				LD_RUNPATH_SEARCH_PATHS = "$(inherited) @executable_path/Frameworks @loader_path/Frameworks";
				PRODUCT_BUNDLE_IDENTIFIER = auriga.testUITests;
				PRODUCT_NAME = "$(TARGET_NAME)";
				SWIFT_VERSION = 4.0;
				TARGETED_DEVICE_FAMILY = "1,2";
				TEST_TARGET_NAME = test;
			};
			name = Debug;
		};
		D0B4A0091FA27463001FA7A1 /* Release */ = {
			isa = XCBuildConfiguration;
			buildSettings = {
				ALWAYS_EMBED_SWIFT_STANDARD_LIBRARIES = YES;
				CODE_SIGN_STYLE = Automatic;
				INFOPLIST_FILE = testUITests/Info.plist;
				LD_RUNPATH_SEARCH_PATHS = "$(inherited) @executable_path/Frameworks @loader_path/Frameworks";
				PRODUCT_BUNDLE_IDENTIFIER = auriga.testUITests;
				PRODUCT_NAME = "$(TARGET_NAME)";
				SWIFT_VERSION = 4.0;
				TARGETED_DEVICE_FAMILY = "1,2";
				TEST_TARGET_NAME = test;
			};
			name = Release;
		};
/* End XCBuildConfiguration section */

/* Begin XCConfigurationList section */
		D0B49FD41FA27463001FA7A1 /* Build configuration list for PBXProject "test" */ = {
			isa = XCConfigurationList;
			buildConfigurations = (
				D0B49FFF1FA27463001FA7A1 /* Debug */,
				D0B4A0001FA27463001FA7A1 /* Release */,
			);
			defaultConfigurationIsVisible = 0;
			defaultConfigurationName = Release;
		};
		D0B4A0011FA27463001FA7A1 /* Build configuration list for PBXNativeTarget "test" */ = {
			isa = XCConfigurationList;
			buildConfigurations = (
				D0B4A0021FA27463001FA7A1 /* Debug */,
				D0B4A0031FA27463001FA7A1 /* Release */,
			);
			defaultConfigurationIsVisible = 0;
			defaultConfigurationName = Release;
		};
		D0B4A0041FA27463001FA7A1 /* Build configuration list for PBXNativeTarget "testTests" */ = {
			isa = XCConfigurationList;
			buildConfigurations = (
				D0B4A0051FA27463001FA7A1 /* Debug */,
				D0B4A0061FA27463001FA7A1 /* Release */,
			);
			defaultConfigurationIsVisible = 0;
			defaultConfigurationName = Release;
		};
		D0B4A0071FA27463001FA7A1 /* Build configuration list for PBXNativeTarget "testUITests" */ = {
			isa = XCConfigurationList;
			buildConfigurations = (
				D0B4A0081FA27463001FA7A1 /* Debug */,
				D0B4A0091FA27463001FA7A1 /* Release */,
			);
			defaultConfigurationIsVisible = 0;
			defaultConfigurationName = Release;
		};
/* End XCConfigurationList section */
	};
	rootObject = D0B49FD11FA27463001FA7A1 /* Project object */;
}
